
Microsoft Visual Studio Solution File, Format Version 12.00
# Visual Studio Version 16
VisualStudioVersion = 16.0.29709.97
MinimumVisualStudioVersion = 10.0.40219.1
Project("{FAE04EC0-301F-11D3-BF4B-00C04F79EFBC}") = "Library.Core", "Library.Core.csproj", "{84D66948-EC4B-4707-A7BA-76032255FD52}"
EndProject
Global
	GlobalSection(SolutionConfigurationPlatforms) = preSolution
		Debug|Any CPU = Debug|Any CPU
		Release|Any CPU = Release|Any CPU
	EndGlobalSection
	GlobalSection(ProjectConfigurationPlatforms) = postSolution
		{84D66948-EC4B-4707-A7BA-76032255FD52}.Debug|Any CPU.ActiveCfg = Debug|Any CPU
		{84D66948-EC4B-4707-A7BA-76032255FD52}.Debug|Any CPU.Build.0 = Debug|Any CPU
		{84D66948-EC4B-4707-A7BA-76032255FD52}.Release|Any CPU.ActiveCfg = Release|Any CPU
		{84D66948-EC4B-4707-A7BA-76032255FD52}.Release|Any CPU.Build.0 = Release|Any CPU
	EndGlobalSection
	GlobalSection(SolutionProperties) = preSolution
		HideSolutionNode = FALSE
	EndGlobalSection
	GlobalSection(ExtensibilityGlobals) = postSolution
		SolutionGuid = {52B6D43C-DA04-4429-A528-5F5C35DAFAB4}
	EndGlobalSection
EndGlobal
